
Microsoft Visual Studio Solution File, Format Version 12.00
# Visual Studio 15
VisualStudioVersion = 15.0.27130.0
MinimumVisualStudioVersion = 10.0.40219.1
Project("{9A19103F-16F7-4668-BE54-9A1E7A4F7556}") = "AdminCore.Common", "AdminCore.Common\AdminCore.Common.csproj", "{E3E564E0-CA50-4D35-AE04-C3D8458FF6A7}"
EndProject
Project("{9A19103F-16F7-4668-BE54-9A1E7A4F7556}") = "AdminCore.DAL", "AdminCore.DAL\AdminCore.DAL.csproj", "{C44C32DF-0CCB-48A4-A44C-2E2CAE53FEF0}"
EndProject
Project("{9A19103F-16F7-4668-BE54-9A1E7A4F7556}") = "AdminCore.DTOs", "AdminCore.DTOs\AdminCore.DTOs.csproj", "{671FD3C5-213C-4B98-BD2A-DCEEE239CAE7}"
EndProject
Project("{9A19103F-16F7-4668-BE54-9A1E7A4F7556}") = "AdminCore.Services", "AdminCore.Services\AdminCore.Services.csproj", "{3FCBE27F-23F5-4CB8-92E8-A91E21C8543C}"
EndProject
Project("{9A19103F-16F7-4668-BE54-9A1E7A4F7556}") = "AdminCore.WebApi", "AdminCore.WebApp\AdminCore.WebApi.csproj", "{5FD315CA-A493-498C-AD99-BDA2BF111C2E}"
EndProject
Project("{9A19103F-16F7-4668-BE54-9A1E7A4F7556}") = "AdminCore.Constants", "AdminCore.Constants\AdminCore.Constants.csproj", "{B0E99730-B170-426D-B4E1-2C560C619905}"
EndProject
Project("{9A19103F-16F7-4668-BE54-9A1E7A4F7556}") = "AdminCore.DatabaseMigration", "AdminCore.DatabaseMigration\AdminCore.DatabaseMigration.csproj", "{B7849B77-5ED5-44C4-8BDC-CD334B291BD9}"
EndProject
Project("{9A19103F-16F7-4668-BE54-9A1E7A4F7556}") = "AdminCore.WebApi.Tests", "AdminCore.WebApi.Tests\AdminCore.WebApi.Tests.csproj", "{12D0AFE6-4CA8-4B88-8F9E-3C0987C1FAD8}"
EndProject
Project("{9A19103F-16F7-4668-BE54-9A1E7A4F7556}") = "AdminCore.Extensions", "AdminCore.Extensions\AdminCore.Extensions.csproj", "{69046AAF-A835-4587-8C75-D81F7FE8DB3C}"
EndProject
Project("{9A19103F-16F7-4668-BE54-9A1E7A4F7556}") = "AdminCore.Services.Tests", "AdminCore.Services.Tests\AdminCore.Services.Tests.csproj", "{6F9CE2E9-2B9F-4117-B9BB-7E9B5E6DC4F6}"
EndProject
Project("{9A19103F-16F7-4668-BE54-9A1E7A4F7556}") = "AdminCore.ScheduledJobs", "AdminCore.ScheduledJobs\AdminCore.ScheduledJobs.csproj", "{7E152F98-D82C-4152-AB39-A0B721E708B7}"
	ProjectSection(ProjectDependencies) = postProject
		{B0E99730-B170-426D-B4E1-2C560C619905} = {B0E99730-B170-426D-B4E1-2C560C619905}
		{3FCBE27F-23F5-4CB8-92E8-A91E21C8543C} = {3FCBE27F-23F5-4CB8-92E8-A91E21C8543C}
		{671FD3C5-213C-4B98-BD2A-DCEEE239CAE7} = {671FD3C5-213C-4B98-BD2A-DCEEE239CAE7}
	EndProjectSection
EndProject
Project("{FAE04EC0-301F-11D3-BF4B-00C04F79EFBC}") = "AdminCore.JobExecutor", "AdminCore.JobExecuter\AdminCore.JobExecutor.csproj", "{1B67ED60-8D10-4F2B-A26E-2B8362F57CE4}"
EndProject
Project("{FAE04EC0-301F-11D3-BF4B-00C04F79EFBC}") = "AdminCore.DataETL", "AdminCore.DataETL\AdminCore.DataETL.csproj", "{9B9850C1-56A8-4995-A82A-EA7803276545}"
EndProject
Project("{FAE04EC0-301F-11D3-BF4B-00C04F79EFBC}") = "AdminCore.DataETL.Tests", "AdminCore.DataETL.Tests\AdminCore.DataETL.Tests.csproj", "{F2019B28-CD8C-4863-B35C-E5C27CF4864F}"
EndProject
Project("{FAE04EC0-301F-11D3-BF4B-00C04F79EFBC}") = "AdminCore.MailClients", "AdminCore.MailClients\AdminCore.MailClients.csproj", "{6EA2A7A0-7409-4DC6-B11E-88ABB0E989A9}"
EndProject
Project("{FAE04EC0-301F-11D3-BF4B-00C04F79EFBC}") = "AdminCore.MailClients.Tests", "AdminCore.MailClients.Tests\AdminCore.MailClients.Tests.csproj", "{7286768A-BDB9-4E23-9038-8FDB3C7D8C73}"
EndProject
Project("{FAE04EC0-301F-11D3-BF4B-00C04F79EFBC}") = "AdminCore.LinkGenerator", "AdminCore.LinkGenerator\AdminCore.LinkGenerator.csproj", "{396D4A30-4CA8-4C81-A62D-944926E78DCC}"
EndProject
Project("{FAE04EC0-301F-11D3-BF4B-00C04F79EFBC}") = "AdminCore.LinkGenerator.Tests", "AdminCore.LinkGenerator.Tests\AdminCore.LinkGenerator.Tests.csproj", "{E818A568-B143-40F7-B5B3-1D8467B6B13F}"
EndProject
Global
	GlobalSection(SolutionConfigurationPlatforms) = preSolution
		Debug|Any CPU = Debug|Any CPU
		Release|Any CPU = Release|Any CPU
	EndGlobalSection
	GlobalSection(ProjectConfigurationPlatforms) = postSolution
		{E3E564E0-CA50-4D35-AE04-C3D8458FF6A7}.Debug|Any CPU.ActiveCfg = Debug|Any CPU
		{E3E564E0-CA50-4D35-AE04-C3D8458FF6A7}.Debug|Any CPU.Build.0 = Debug|Any CPU
		{E3E564E0-CA50-4D35-AE04-C3D8458FF6A7}.Release|Any CPU.ActiveCfg = Release|Any CPU
		{E3E564E0-CA50-4D35-AE04-C3D8458FF6A7}.Release|Any CPU.Build.0 = Release|Any CPU
		{C44C32DF-0CCB-48A4-A44C-2E2CAE53FEF0}.Debug|Any CPU.ActiveCfg = Debug|Any CPU
		{C44C32DF-0CCB-48A4-A44C-2E2CAE53FEF0}.Debug|Any CPU.Build.0 = Debug|Any CPU
		{C44C32DF-0CCB-48A4-A44C-2E2CAE53FEF0}.Release|Any CPU.ActiveCfg = Release|Any CPU
		{C44C32DF-0CCB-48A4-A44C-2E2CAE53FEF0}.Release|Any CPU.Build.0 = Release|Any CPU
		{671FD3C5-213C-4B98-BD2A-DCEEE239CAE7}.Debug|Any CPU.ActiveCfg = Debug|Any CPU
		{671FD3C5-213C-4B98-BD2A-DCEEE239CAE7}.Debug|Any CPU.Build.0 = Debug|Any CPU
		{671FD3C5-213C-4B98-BD2A-DCEEE239CAE7}.Release|Any CPU.ActiveCfg = Release|Any CPU
		{671FD3C5-213C-4B98-BD2A-DCEEE239CAE7}.Release|Any CPU.Build.0 = Release|Any CPU
		{3FCBE27F-23F5-4CB8-92E8-A91E21C8543C}.Debug|Any CPU.ActiveCfg = Debug|Any CPU
		{3FCBE27F-23F5-4CB8-92E8-A91E21C8543C}.Debug|Any CPU.Build.0 = Debug|Any CPU
		{3FCBE27F-23F5-4CB8-92E8-A91E21C8543C}.Release|Any CPU.ActiveCfg = Release|Any CPU
		{3FCBE27F-23F5-4CB8-92E8-A91E21C8543C}.Release|Any CPU.Build.0 = Release|Any CPU
		{5FD315CA-A493-498C-AD99-BDA2BF111C2E}.Debug|Any CPU.ActiveCfg = Debug|Any CPU
		{5FD315CA-A493-498C-AD99-BDA2BF111C2E}.Debug|Any CPU.Build.0 = Debug|Any CPU
		{5FD315CA-A493-498C-AD99-BDA2BF111C2E}.Release|Any CPU.ActiveCfg = Release|Any CPU
		{5FD315CA-A493-498C-AD99-BDA2BF111C2E}.Release|Any CPU.Build.0 = Release|Any CPU
		{B0E99730-B170-426D-B4E1-2C560C619905}.Debug|Any CPU.ActiveCfg = Debug|Any CPU
		{B0E99730-B170-426D-B4E1-2C560C619905}.Debug|Any CPU.Build.0 = Debug|Any CPU
		{B0E99730-B170-426D-B4E1-2C560C619905}.Release|Any CPU.ActiveCfg = Release|Any CPU
		{B0E99730-B170-426D-B4E1-2C560C619905}.Release|Any CPU.Build.0 = Release|Any CPU
		{B7849B77-5ED5-44C4-8BDC-CD334B291BD9}.Debug|Any CPU.ActiveCfg = Debug|Any CPU
		{B7849B77-5ED5-44C4-8BDC-CD334B291BD9}.Debug|Any CPU.Build.0 = Debug|Any CPU
		{B7849B77-5ED5-44C4-8BDC-CD334B291BD9}.Release|Any CPU.ActiveCfg = Release|Any CPU
		{B7849B77-5ED5-44C4-8BDC-CD334B291BD9}.Release|Any CPU.Build.0 = Release|Any CPU
		{12D0AFE6-4CA8-4B88-8F9E-3C0987C1FAD8}.Debug|Any CPU.ActiveCfg = Debug|Any CPU
		{12D0AFE6-4CA8-4B88-8F9E-3C0987C1FAD8}.Debug|Any CPU.Build.0 = Debug|Any CPU
		{12D0AFE6-4CA8-4B88-8F9E-3C0987C1FAD8}.Release|Any CPU.ActiveCfg = Release|Any CPU
		{12D0AFE6-4CA8-4B88-8F9E-3C0987C1FAD8}.Release|Any CPU.Build.0 = Release|Any CPU
		{69046AAF-A835-4587-8C75-D81F7FE8DB3C}.Debug|Any CPU.ActiveCfg = Debug|Any CPU
		{69046AAF-A835-4587-8C75-D81F7FE8DB3C}.Debug|Any CPU.Build.0 = Debug|Any CPU
		{69046AAF-A835-4587-8C75-D81F7FE8DB3C}.Release|Any CPU.ActiveCfg = Release|Any CPU
		{69046AAF-A835-4587-8C75-D81F7FE8DB3C}.Release|Any CPU.Build.0 = Release|Any CPU
		{6F9CE2E9-2B9F-4117-B9BB-7E9B5E6DC4F6}.Debug|Any CPU.ActiveCfg = Debug|Any CPU
		{6F9CE2E9-2B9F-4117-B9BB-7E9B5E6DC4F6}.Debug|Any CPU.Build.0 = Debug|Any CPU
		{6F9CE2E9-2B9F-4117-B9BB-7E9B5E6DC4F6}.Release|Any CPU.ActiveCfg = Release|Any CPU
		{6F9CE2E9-2B9F-4117-B9BB-7E9B5E6DC4F6}.Release|Any CPU.Build.0 = Release|Any CPU
		{7E152F98-D82C-4152-AB39-A0B721E708B7}.Debug|Any CPU.ActiveCfg = Debug|Any CPU
		{7E152F98-D82C-4152-AB39-A0B721E708B7}.Debug|Any CPU.Build.0 = Debug|Any CPU
		{7E152F98-D82C-4152-AB39-A0B721E708B7}.Release|Any CPU.ActiveCfg = Release|Any CPU
		{7E152F98-D82C-4152-AB39-A0B721E708B7}.Release|Any CPU.Build.0 = Release|Any CPU
		{1B67ED60-8D10-4F2B-A26E-2B8362F57CE4}.Debug|Any CPU.ActiveCfg = Debug|Any CPU
		{1B67ED60-8D10-4F2B-A26E-2B8362F57CE4}.Debug|Any CPU.Build.0 = Debug|Any CPU
		{1B67ED60-8D10-4F2B-A26E-2B8362F57CE4}.Release|Any CPU.ActiveCfg = Release|Any CPU
		{1B67ED60-8D10-4F2B-A26E-2B8362F57CE4}.Release|Any CPU.Build.0 = Release|Any CPU
		{9B9850C1-56A8-4995-A82A-EA7803276545}.Debug|Any CPU.ActiveCfg = Debug|Any CPU
		{9B9850C1-56A8-4995-A82A-EA7803276545}.Debug|Any CPU.Build.0 = Debug|Any CPU
		{9B9850C1-56A8-4995-A82A-EA7803276545}.Release|Any CPU.ActiveCfg = Release|Any CPU
		{9B9850C1-56A8-4995-A82A-EA7803276545}.Release|Any CPU.Build.0 = Release|Any CPU
		{F2019B28-CD8C-4863-B35C-E5C27CF4864F}.Debug|Any CPU.ActiveCfg = Debug|Any CPU
		{F2019B28-CD8C-4863-B35C-E5C27CF4864F}.Debug|Any CPU.Build.0 = Debug|Any CPU
		{F2019B28-CD8C-4863-B35C-E5C27CF4864F}.Release|Any CPU.ActiveCfg = Release|Any CPU
		{F2019B28-CD8C-4863-B35C-E5C27CF4864F}.Release|Any CPU.Build.0 = Release|Any CPU
		{6EA2A7A0-7409-4DC6-B11E-88ABB0E989A9}.Debug|Any CPU.ActiveCfg = Debug|Any CPU
		{6EA2A7A0-7409-4DC6-B11E-88ABB0E989A9}.Debug|Any CPU.Build.0 = Debug|Any CPU
		{6EA2A7A0-7409-4DC6-B11E-88ABB0E989A9}.Release|Any CPU.ActiveCfg = Release|Any CPU
		{6EA2A7A0-7409-4DC6-B11E-88ABB0E989A9}.Release|Any CPU.Build.0 = Release|Any CPU
		{7286768A-BDB9-4E23-9038-8FDB3C7D8C73}.Debug|Any CPU.ActiveCfg = Debug|Any CPU
		{7286768A-BDB9-4E23-9038-8FDB3C7D8C73}.Debug|Any CPU.Build.0 = Debug|Any CPU
		{7286768A-BDB9-4E23-9038-8FDB3C7D8C73}.Release|Any CPU.ActiveCfg = Release|Any CPU
		{7286768A-BDB9-4E23-9038-8FDB3C7D8C73}.Release|Any CPU.Build.0 = Release|Any CPU
		{396D4A30-4CA8-4C81-A62D-944926E78DCC}.Debug|Any CPU.ActiveCfg = Debug|Any CPU
		{396D4A30-4CA8-4C81-A62D-944926E78DCC}.Debug|Any CPU.Build.0 = Debug|Any CPU
		{396D4A30-4CA8-4C81-A62D-944926E78DCC}.Release|Any CPU.ActiveCfg = Release|Any CPU
		{396D4A30-4CA8-4C81-A62D-944926E78DCC}.Release|Any CPU.Build.0 = Release|Any CPU
		{E818A568-B143-40F7-B5B3-1D8467B6B13F}.Debug|Any CPU.ActiveCfg = Debug|Any CPU
		{E818A568-B143-40F7-B5B3-1D8467B6B13F}.Debug|Any CPU.Build.0 = Debug|Any CPU
		{E818A568-B143-40F7-B5B3-1D8467B6B13F}.Release|Any CPU.ActiveCfg = Release|Any CPU
		{E818A568-B143-40F7-B5B3-1D8467B6B13F}.Release|Any CPU.Build.0 = Release|Any CPU
	EndGlobalSection
	GlobalSection(SolutionProperties) = preSolution
		HideSolutionNode = FALSE
	EndGlobalSection
	GlobalSection(ExtensibilityGlobals) = postSolution
		SolutionGuid = {60F2A44E-399F-4D93-8281-85192A7F5795}
	EndGlobalSection
EndGlobal
